// !$*UTF8*$!
{
	archiveVersion = 1;
	classes = {
	};
	objectVersion = 46;
	objects = {

/* Begin PBXBuildFile section */
		862088D8166684DD00DF49CF /* KNInterpreter.m in Sources */ = {isa = PBXBuildFile; fileRef = 862088D7166684DD00DF49CF /* KNInterpreter.m */; };
		86752A4418B544E10023178E /* KNNoteViewController.m in Sources */ = {isa = PBXBuildFile; fileRef = 86752A4318B544E10023178E /* KNNoteViewController.m */; };
		86752A4F18B5471E0023178E /* Accelerate.framework in Frameworks */ = {isa = PBXBuildFile; fileRef = 86752A4E18B5471E0023178E /* Accelerate.framework */; };
		86752A5318B54EC70023178E /* keepNoteLogo.png in Resources */ = {isa = PBXBuildFile; fileRef = 86752A5218B54EC70023178E /* keepNoteLogo.png */; };
		86752A5618B558990023178E /* MBProgressHUD.m in Sources */ = {isa = PBXBuildFile; fileRef = 86752A5518B558990023178E /* MBProgressHUD.m */; };
		86752A5C18B55CE30023178E /* icon_120.png in Resources */ = {isa = PBXBuildFile; fileRef = 86752A5918B55CE30023178E /* icon_120.png */; };
		86752A5F18B55D060023178E /* Images.xcassets in Resources */ = {isa = PBXBuildFile; fileRef = 86752A5E18B55D060023178E /* Images.xcassets */; };
		86752A6418B561F00023178E /* KNTextView.m in Sources */ = {isa = PBXBuildFile; fileRef = 86752A6318B561F00023178E /* KNTextView.m */; };
		8687906B166960220072E178 /* Default@2x.png in Resources */ = {isa = PBXBuildFile; fileRef = 8687906A166960220072E178 /* Default@2x.png */; };
		8687906D166960240072E178 /* Default-568h@2x.png in Resources */ = {isa = PBXBuildFile; fileRef = 8687906C166960240072E178 /* Default-568h@2x.png */; };
		869EA1C1165AB4EF005877A6 /* UIKit.framework in Frameworks */ = {isa = PBXBuildFile; fileRef = 869EA1C0165AB4EF005877A6 /* UIKit.framework */; };
		869EA1C3165AB4EF005877A6 /* Foundation.framework in Frameworks */ = {isa = PBXBuildFile; fileRef = 869EA1C2165AB4EF005877A6 /* Foundation.framework */; };
		869EA1C5165AB4EF005877A6 /* CoreGraphics.framework in Frameworks */ = {isa = PBXBuildFile; fileRef = 869EA1C4165AB4EF005877A6 /* CoreGraphics.framework */; };
		869EA1CB165AB4EF005877A6 /* InfoPlist.strings in Resources */ = {isa = PBXBuildFile; fileRef = 869EA1C9165AB4EF005877A6 /* InfoPlist.strings */; };
		869EA1CD165AB4EF005877A6 /* main.m in Sources */ = {isa = PBXBuildFile; fileRef = 869EA1CC165AB4EF005877A6 /* main.m */; };
		869EA1D1165AB4EF005877A6 /* KNAppDelegate.m in Sources */ = {isa = PBXBuildFile; fileRef = 869EA1D0165AB4EF005877A6 /* KNAppDelegate.m */; };
		869EA1DA165AB4EF005877A6 /* MainStoryboard.storyboard in Resources */ = {isa = PBXBuildFile; fileRef = 869EA1D8165AB4EF005877A6 /* MainStoryboard.storyboard */; };
		869EA1DD165AB4EF005877A6 /* KNViewController.m in Sources */ = {isa = PBXBuildFile; fileRef = 869EA1DC165AB4EF005877A6 /* KNViewController.m */; };
		86AE2935166850E100DE7F68 /* EventKit.framework in Frameworks */ = {isa = PBXBuildFile; fileRef = 86AE2934166850E100DE7F68 /* EventKit.framework */; };
		86EFB37C16759A9900CB72FE /* QuartzCore.framework in Frameworks */ = {isa = PBXBuildFile; fileRef = 86EFB37B16759A9900CB72FE /* QuartzCore.framework */; };
/* End PBXBuildFile section */

/* Begin PBXFileReference section */
		862088D6166684DD00DF49CF /* KNInterpreter.h */ = {isa = PBXFileReference; fileEncoding = 4; lastKnownFileType = sourcecode.c.h; path = KNInterpreter.h; sourceTree = "<group>"; };
		862088D7166684DD00DF49CF /* KNInterpreter.m */ = {isa = PBXFileReference; fileEncoding = 4; lastKnownFileType = sourcecode.c.objc; path = KNInterpreter.m; sourceTree = "<group>"; };
		86752A4218B544E10023178E /* KNNoteViewController.h */ = {isa = PBXFileReference; fileEncoding = 4; lastKnownFileType = sourcecode.c.h; path = KNNoteViewController.h; sourceTree = "<group>"; };
		86752A4318B544E10023178E /* KNNoteViewController.m */ = {isa = PBXFileReference; fileEncoding = 4; lastKnownFileType = sourcecode.c.objc; path = KNNoteViewController.m; sourceTree = "<group>"; };
		86752A4E18B5471E0023178E /* Accelerate.framework */ = {isa = PBXFileReference; lastKnownFileType = wrapper.framework; name = Accelerate.framework; path = System/Library/Frameworks/Accelerate.framework; sourceTree = SDKROOT; };
		86752A5218B54EC70023178E /* keepNoteLogo.png */ = {isa = PBXFileReference; lastKnownFileType = image.png; path = keepNoteLogo.png; sourceTree = "<group>"; };
		86752A5418B558990023178E /* MBProgressHUD.h */ = {isa = PBXFileReference; fileEncoding = 4; lastKnownFileType = sourcecode.c.h; name = MBProgressHUD.h; path = ../Libraries/MBProgressHUD/MBProgressHUD.h; sourceTree = "<group>"; };
		86752A5518B558990023178E /* MBProgressHUD.m */ = {isa = PBXFileReference; fileEncoding = 4; lastKnownFileType = sourcecode.c.objc; name = MBProgressHUD.m; path = ../Libraries/MBProgressHUD/MBProgressHUD.m; sourceTree = "<group>"; };
		86752A5918B55CE30023178E /* icon_120.png */ = {isa = PBXFileReference; lastKnownFileType = image.png; path = icon_120.png; sourceTree = "<group>"; };
		86752A5E18B55D060023178E /* Images.xcassets */ = {isa = PBXFileReference; lastKnownFileType = folder.assetcatalog; path = Images.xcassets; sourceTree = "<group>"; };
		86752A6218B561F00023178E /* KNTextView.h */ = {isa = PBXFileReference; fileEncoding = 4; lastKnownFileType = sourcecode.c.h; path = KNTextView.h; sourceTree = "<group>"; };
		86752A6318B561F00023178E /* KNTextView.m */ = {isa = PBXFileReference; fileEncoding = 4; lastKnownFileType = sourcecode.c.objc; path = KNTextView.m; sourceTree = "<group>"; };
		8687906A166960220072E178 /* Default@2x.png */ = {isa = PBXFileReference; lastKnownFileType = image.png; path = "Default@2x.png"; sourceTree = "<group>"; };
		8687906C166960240072E178 /* Default-568h@2x.png */ = {isa = PBXFileReference; lastKnownFileType = image.png; path = "Default-568h@2x.png"; sourceTree = "<group>"; };
		869EA1BC165AB4EF005877A6 /* KeepNote.app */ = {isa = PBXFileReference; explicitFileType = wrapper.application; includeInIndex = 0; path = KeepNote.app; sourceTree = BUILT_PRODUCTS_DIR; };
		869EA1C0165AB4EF005877A6 /* UIKit.framework */ = {isa = PBXFileReference; lastKnownFileType = wrapper.framework; name = UIKit.framework; path = System/Library/Frameworks/UIKit.framework; sourceTree = SDKROOT; };
		869EA1C2165AB4EF005877A6 /* Foundation.framework */ = {isa = PBXFileReference; lastKnownFileType = wrapper.framework; name = Foundation.framework; path = System/Library/Frameworks/Foundation.framework; sourceTree = SDKROOT; };
		869EA1C4165AB4EF005877A6 /* CoreGraphics.framework */ = {isa = PBXFileReference; lastKnownFileType = wrapper.framework; name = CoreGraphics.framework; path = System/Library/Frameworks/CoreGraphics.framework; sourceTree = SDKROOT; };
		869EA1C8165AB4EF005877A6 /* KeepNote-Info.plist */ = {isa = PBXFileReference; lastKnownFileType = text.plist.xml; path = "KeepNote-Info.plist"; sourceTree = "<group>"; };
		869EA1CA165AB4EF005877A6 /* en */ = {isa = PBXFileReference; lastKnownFileType = text.plist.strings; name = en; path = en.lproj/InfoPlist.strings; sourceTree = "<group>"; };
		869EA1CC165AB4EF005877A6 /* main.m */ = {isa = PBXFileReference; lastKnownFileType = sourcecode.c.objc; path = main.m; sourceTree = "<group>"; };
		869EA1CE165AB4EF005877A6 /* KeepNote-Prefix.pch */ = {isa = PBXFileReference; lastKnownFileType = sourcecode.c.h; path = "KeepNote-Prefix.pch"; sourceTree = "<group>"; };
		869EA1CF165AB4EF005877A6 /* KNAppDelegate.h */ = {isa = PBXFileReference; lastKnownFileType = sourcecode.c.h; path = KNAppDelegate.h; sourceTree = "<group>"; };
		869EA1D0165AB4EF005877A6 /* KNAppDelegate.m */ = {isa = PBXFileReference; lastKnownFileType = sourcecode.c.objc; path = KNAppDelegate.m; sourceTree = "<group>"; };
		869EA1D9165AB4EF005877A6 /* en */ = {isa = PBXFileReference; lastKnownFileType = file.storyboard; name = en; path = en.lproj/MainStoryboard.storyboard; sourceTree = "<group>"; };
		869EA1DB165AB4EF005877A6 /* KNViewController.h */ = {isa = PBXFileReference; lastKnownFileType = sourcecode.c.h; path = KNViewController.h; sourceTree = "<group>"; };
		869EA1DC165AB4EF005877A6 /* KNViewController.m */ = {isa = PBXFileReference; lastKnownFileType = sourcecode.c.objc; path = KNViewController.m; sourceTree = "<group>"; };
		86AE2934166850E100DE7F68 /* EventKit.framework */ = {isa = PBXFileReference; lastKnownFileType = wrapper.framework; name = EventKit.framework; path = System/Library/Frameworks/EventKit.framework; sourceTree = SDKROOT; };
		86EFB37B16759A9900CB72FE /* QuartzCore.framework */ = {isa = PBXFileReference; lastKnownFileType = wrapper.framework; name = QuartzCore.framework; path = System/Library/Frameworks/QuartzCore.framework; sourceTree = SDKROOT; };
/* End PBXFileReference section */

/* Begin PBXFrameworksBuildPhase section */
		869EA1B9165AB4EF005877A6 /* Frameworks */ = {
			isa = PBXFrameworksBuildPhase;
			buildActionMask = 2147483647;
			files = (
				86752A4F18B5471E0023178E /* Accelerate.framework in Frameworks */,
				86EFB37C16759A9900CB72FE /* QuartzCore.framework in Frameworks */,
				86AE2935166850E100DE7F68 /* EventKit.framework in Frameworks */,
				869EA1C1165AB4EF005877A6 /* UIKit.framework in Frameworks */,
				869EA1C3165AB4EF005877A6 /* Foundation.framework in Frameworks */,
				869EA1C5165AB4EF005877A6 /* CoreGraphics.framework in Frameworks */,
			);
			runOnlyForDeploymentPostprocessing = 0;
		};
/* End PBXFrameworksBuildPhase section */

/* Begin PBXGroup section */
		86752A5718B55CE30023178E /* icons */ = {
			isa = PBXGroup;
			children = (
				86752A5918B55CE30023178E /* icon_120.png */,
			);
			path = icons;
			sourceTree = "<group>";
		};
		86752A6018B561DA0023178E /* View */ = {
			isa = PBXGroup;
			children = (
				869EA1DB165AB4EF005877A6 /* KNViewController.h */,
				869EA1DC165AB4EF005877A6 /* KNViewController.m */,
				86752A4218B544E10023178E /* KNNoteViewController.h */,
				86752A4318B544E10023178E /* KNNoteViewController.m */,
			);
			name = View;
			sourceTree = "<group>";
		};
		86752A6118B561DE0023178E /* Model */ = {
			isa = PBXGroup;
			children = (
				862088D6166684DD00DF49CF /* KNInterpreter.h */,
				862088D7166684DD00DF49CF /* KNInterpreter.m */,
				86752A6218B561F00023178E /* KNTextView.h */,
				86752A6318B561F00023178E /* KNTextView.m */,
			);
			name = Model;
			sourceTree = "<group>";
		};
		869EA1B1165AB4EF005877A6 = {
			isa = PBXGroup;
			children = (
				8687906C166960240072E178 /* Default-568h@2x.png */,
				8687906A166960220072E178 /* Default@2x.png */,
				869EA1C6165AB4EF005877A6 /* KeepNote */,
				869EA1BF165AB4EF005877A6 /* Frameworks */,
				869EA1BD165AB4EF005877A6 /* Products */,
			);
			sourceTree = "<group>";
		};
		869EA1BD165AB4EF005877A6 /* Products */ = {
			isa = PBXGroup;
			children = (
				869EA1BC165AB4EF005877A6 /* KeepNote.app */,
			);
			name = Products;
			sourceTree = "<group>";
		};
		869EA1BF165AB4EF005877A6 /* Frameworks */ = {
			isa = PBXGroup;
			children = (
				86752A5418B558990023178E /* MBProgressHUD.h */,
				86752A5518B558990023178E /* MBProgressHUD.m */,
				86752A4E18B5471E0023178E /* Accelerate.framework */,
				86EFB37B16759A9900CB72FE /* QuartzCore.framework */,
				86AE2934166850E100DE7F68 /* EventKit.framework */,
				869EA1C0165AB4EF005877A6 /* UIKit.framework */,
				869EA1C2165AB4EF005877A6 /* Foundation.framework */,
				869EA1C4165AB4EF005877A6 /* CoreGraphics.framework */,
			);
			name = Frameworks;
			sourceTree = "<group>";
		};
		869EA1C6165AB4EF005877A6 /* KeepNote */ = {
			isa = PBXGroup;
			children = (
				869EA1E3165AB8E6005877A6 /* artwork */,
				869EA1CF165AB4EF005877A6 /* KNAppDelegate.h */,
				869EA1D0165AB4EF005877A6 /* KNAppDelegate.m */,
				869EA1D8165AB4EF005877A6 /* MainStoryboard.storyboard */,
				86752A6018B561DA0023178E /* View */,
				86752A6118B561DE0023178E /* Model */,
				86752A5E18B55D060023178E /* Images.xcassets */,
				869EA1C7165AB4EF005877A6 /* Supporting Files */,
			);
			path = KeepNote;
			sourceTree = "<group>";
		};
		869EA1C7165AB4EF005877A6 /* Supporting Files */ = {
			isa = PBXGroup;
			children = (
				869EA1C8165AB4EF005877A6 /* KeepNote-Info.plist */,
				869EA1C9165AB4EF005877A6 /* InfoPlist.strings */,
				869EA1CC165AB4EF005877A6 /* main.m */,
				869EA1CE165AB4EF005877A6 /* KeepNote-Prefix.pch */,
			);
			name = "Supporting Files";
			sourceTree = "<group>";
		};
		869EA1E3165AB8E6005877A6 /* artwork */ = {
			isa = PBXGroup;
			children = (
				86752A5718B55CE30023178E /* icons */,
				86752A5218B54EC70023178E /* keepNoteLogo.png */,
			);
			path = artwork;
			sourceTree = "<group>";
		};
/* End PBXGroup section */

/* Begin PBXNativeTarget section */
		869EA1BB165AB4EF005877A6 /* KeepNote */ = {
			isa = PBXNativeTarget;
			buildConfigurationList = 869EA1E0165AB4EF005877A6 /* Build configuration list for PBXNativeTarget "KeepNote" */;
			buildPhases = (
				869EA1B8165AB4EF005877A6 /* Sources */,
				869EA1B9165AB4EF005877A6 /* Frameworks */,
				869EA1BA165AB4EF005877A6 /* Resources */,
			);
			buildRules = (
			);
			dependencies = (
			);
			name = KeepNote;
			productName = KeepNote;
			productReference = 869EA1BC165AB4EF005877A6 /* KeepNote.app */;
			productType = "com.apple.product-type.application";
		};
/* End PBXNativeTarget section */

/* Begin PBXProject section */
		869EA1B3165AB4EF005877A6 /* Project object */ = {
			isa = PBXProject;
			attributes = {
				CLASSPREFIX = KN;
				LastUpgradeCheck = 0450;
				ORGANIZATIONNAME = "Jon Como";
			};
			buildConfigurationList = 869EA1B6165AB4EF005877A6 /* Build configuration list for PBXProject "KeepNote" */;
			compatibilityVersion = "Xcode 3.2";
			developmentRegion = English;
			hasScannedForEncodings = 0;
			knownRegions = (
				en,
			);
			mainGroup = 869EA1B1165AB4EF005877A6;
			productRefGroup = 869EA1BD165AB4EF005877A6 /* Products */;
			projectDirPath = "";
			projectRoot = "";
			targets = (
				869EA1BB165AB4EF005877A6 /* KeepNote */,
			);
		};
/* End PBXProject section */

/* Begin PBXResourcesBuildPhase section */
		869EA1BA165AB4EF005877A6 /* Resources */ = {
			isa = PBXResourcesBuildPhase;
			buildActionMask = 2147483647;
			files = (
				86752A5C18B55CE30023178E /* icon_120.png in Resources */,
				869EA1CB165AB4EF005877A6 /* InfoPlist.strings in Resources */,
				869EA1DA165AB4EF005877A6 /* MainStoryboard.storyboard in Resources */,
				86752A5F18B55D060023178E /* Images.xcassets in Resources */,
				8687906B166960220072E178 /* Default@2x.png in Resources */,
				8687906D166960240072E178 /* Default-568h@2x.png in Resources */,
				86752A5318B54EC70023178E /* keepNoteLogo.png in Resources */,
			);
			runOnlyForDeploymentPostprocessing = 0;
		};
/* End PBXResourcesBuildPhase section */

/* Begin PBXSourcesBuildPhase section */
		869EA1B8165AB4EF005877A6 /* Sources */ = {
			isa = PBXSourcesBuildPhase;
			buildActionMask = 2147483647;
			files = (
				86752A4418B544E10023178E /* KNNoteViewController.m in Sources */,
				86752A5618B558990023178E /* MBProgressHUD.m in Sources */,
				869EA1CD165AB4EF005877A6 /* main.m in Sources */,
				869EA1D1165AB4EF005877A6 /* KNAppDelegate.m in Sources */,
				869EA1DD165AB4EF005877A6 /* KNViewController.m in Sources */,
				86752A6418B561F00023178E /* KNTextView.m in Sources */,
				862088D8166684DD00DF49CF /* KNInterpreter.m in Sources */,
			);
			runOnlyForDeploymentPostprocessing = 0;
		};
/* End PBXSourcesBuildPhase section */

/* Begin PBXVariantGroup section */
		869EA1C9165AB4EF005877A6 /* InfoPlist.strings */ = {
			isa = PBXVariantGroup;
			children = (
				869EA1CA165AB4EF005877A6 /* en */,
			);
			name = InfoPlist.strings;
			sourceTree = "<group>";
		};
		869EA1D8165AB4EF005877A6 /* MainStoryboard.storyboard */ = {
			isa = PBXVariantGroup;
			children = (
				869EA1D9165AB4EF005877A6 /* en */,
			);
			name = MainStoryboard.storyboard;
			sourceTree = "<group>";
		};
/* End PBXVariantGroup section */

/* Begin XCBuildConfiguration section */
		869EA1DE165AB4EF005877A6 /* Debug */ = {
			isa = XCBuildConfiguration;
			buildSettings = {
				ALWAYS_SEARCH_USER_PATHS = NO;
				CLANG_CXX_LANGUAGE_STANDARD = "gnu++0x";
				CLANG_CXX_LIBRARY = "libc++";
				CLANG_ENABLE_OBJC_ARC = YES;
				CLANG_WARN_EMPTY_BODY = YES;
				CLANG_WARN__DUPLICATE_METHOD_MATCH = YES;
				"CODE_SIGN_IDENTITY[sdk=iphoneos*]" = "iPhone Developer";
				COPY_PHASE_STRIP = NO;
				GCC_C_LANGUAGE_STANDARD = gnu99;
				GCC_DYNAMIC_NO_PIC = NO;
				GCC_OPTIMIZATION_LEVEL = 0;
				GCC_PREPROCESSOR_DEFINITIONS = (
					"DEBUG=1",
					"$(inherited)",
				);
				GCC_SYMBOLS_PRIVATE_EXTERN = NO;
				GCC_WARN_ABOUT_RETURN_TYPE = YES;
				GCC_WARN_UNINITIALIZED_AUTOS = YES;
				GCC_WARN_UNUSED_VARIABLE = YES;
				IPHONEOS_DEPLOYMENT_TARGET = 6.0;
				SDKROOT = iphoneos;
			};
			name = Debug;
		};
		869EA1DF165AB4EF005877A6 /* Release */ = {
			isa = XCBuildConfiguration;
			buildSettings = {
				ALWAYS_SEARCH_USER_PATHS = NO;
				CLANG_CXX_LANGUAGE_STANDARD = "gnu++0x";
				CLANG_CXX_LIBRARY = "libc++";
				CLANG_ENABLE_OBJC_ARC = YES;
				CLANG_WARN_EMPTY_BODY = YES;
				CLANG_WARN__DUPLICATE_METHOD_MATCH = YES;
				"CODE_SIGN_IDENTITY[sdk=iphoneos*]" = "iPhone Developer";
				COPY_PHASE_STRIP = YES;
				GCC_C_LANGUAGE_STANDARD = gnu99;
				GCC_WARN_ABOUT_RETURN_TYPE = YES;
				GCC_WARN_UNINITIALIZED_AUTOS = YES;
				GCC_WARN_UNUSED_VARIABLE = YES;
				IPHONEOS_DEPLOYMENT_TARGET = 6.0;
				OTHER_CFLAGS = "-DNS_BLOCK_ASSERTIONS=1";
				SDKROOT = iphoneos;
				VALIDATE_PRODUCT = YES;
			};
			name = Release;
		};
		869EA1E1165AB4EF005877A6 /* Debug */ = {
			isa = XCBuildConfiguration;
			buildSettings = {
				ASSETCATALOG_COMPILER_APPICON_NAME = AppIcon;
				ASSETCATALOG_COMPILER_LAUNCHIMAGE_NAME = LaunchImage;
				CODE_SIGN_IDENTITY = "iPhone Developer";
				"CODE_SIGN_IDENTITY[sdk=iphoneos*]" = "iPhone Developer";
				GCC_PRECOMPILE_PREFIX_HEADER = YES;
				GCC_PREFIX_HEADER = "KeepNote/KeepNote-Prefix.pch";
				INFOPLIST_FILE = "KeepNote/KeepNote-Info.plist";
				IPHONEOS_DEPLOYMENT_TARGET = 7.0;
				PRODUCT_NAME = "$(TARGET_NAME)";
				PROVISIONING_PROFILE = "";
				"PROVISIONING_PROFILE[sdk=iphoneos*]" = "";
				WRAPPER_EXTENSION = app;
			};
			name = Debug;
		};
		869EA1E2165AB4EF005877A6 /* Release */ = {
			isa = XCBuildConfiguration;
			buildSettings = {
				ASSETCATALOG_COMPILER_APPICON_NAME = AppIcon;
				ASSETCATALOG_COMPILER_LAUNCHIMAGE_NAME = LaunchImage;
				CODE_SIGN_IDENTITY = "iPhone Distribution: Jon Como (5C23H8QH97)";
				"CODE_SIGN_IDENTITY[sdk=iphoneos*]" = "iPhone Distribution: Jon Como (5C23H8QH97)";
				GCC_PRECOMPILE_PREFIX_HEADER = YES;
				GCC_PREFIX_HEADER = "KeepNote/KeepNote-Prefix.pch";
				INFOPLIST_FILE = "KeepNote/KeepNote-Info.plist";
				IPHONEOS_DEPLOYMENT_TARGET = 7.0;
				PRODUCT_NAME = "$(TARGET_NAME)";
				PROVISIONING_PROFILE = "77DEAAC4-4A34-4DA9-97D9-F3999BAE3F2A";
				"PROVISIONING_PROFILE[sdk=iphoneos*]" = "77DEAAC4-4A34-4DA9-97D9-F3999BAE3F2A";
				WRAPPER_EXTENSION = app;
			};
			name = Release;
		};
/* End XCBuildConfiguration section */

/* Begin XCConfigurationList section */
		869EA1B6165AB4EF005877A6 /* Build configuration list for PBXProject "KeepNote" */ = {
			isa = XCConfigurationList;
			buildConfigurations = (
				869EA1DE165AB4EF005877A6 /* Debug */,
				869EA1DF165AB4EF005877A6 /* Release */,
			);
			defaultConfigurationIsVisible = 0;
			defaultConfigurationName = Release;
		};
		869EA1E0165AB4EF005877A6 /* Build configuration list for PBXNativeTarget "KeepNote" */ = {
			isa = XCConfigurationList;
			buildConfigurations = (
				869EA1E1165AB4EF005877A6 /* Debug */,
				869EA1E2165AB4EF005877A6 /* Release */,
			);
			defaultConfigurationIsVisible = 0;
			defaultConfigurationName = Release;
		};
/* End XCConfigurationList section */
	};
	rootObject = 869EA1B3165AB4EF005877A6 /* Project object */;
}
